{
  "name": "alicia-ia",
  "version": "1.0.0",
  "lockfileVersion": 2,
  "requires": true,
  "packages": {
    "": {
      "name": "alicia-ia",
      "version": "1.0.0",
      "dependencies": {
        "@supabase/supabase-js": "^2.49.4",
        "openai": "^4.95.1",
        "node-fetch": "^3.3.2"
      }
    }
  }
}
